// !$*UTF8*$!
{
	archiveVersion = 1;
	classes = {
	};
	objectVersion = 50;
	objects = {

/* Begin PBXBuildFile section */
		3178E03A21CB6E4D0089DCE6 /* AppDelegate.swift in Sources */ = {isa = PBXBuildFile; fileRef = 3178E03921CB6E4D0089DCE6 /* AppDelegate.swift */; };
		3178E03C21CB6E4D0089DCE6 /* ViewController.swift in Sources */ = {isa = PBXBuildFile; fileRef = 3178E03B21CB6E4D0089DCE6 /* ViewController.swift */; };
		3178E03F21CB6E4D0089DCE6 /* Main.storyboard in Resources */ = {isa = PBXBuildFile; fileRef = 3178E03D21CB6E4D0089DCE6 /* Main.storyboard */; };
		3178E04121CB6E4F0089DCE6 /* Assets.xcassets in Resources */ = {isa = PBXBuildFile; fileRef = 3178E04021CB6E4F0089DCE6 /* Assets.xcassets */; };
		3178E04421CB6E4F0089DCE6 /* LaunchScreen.storyboard in Resources */ = {isa = PBXBuildFile; fileRef = 3178E04221CB6E4F0089DCE6 /* LaunchScreen.storyboard */; };
/* End PBXBuildFile section */

/* Begin PBXFileReference section */
		3178E03621CB6E4D0089DCE6 /* test_merge.app */ = {isa = PBXFileReference; explicitFileType = wrapper.application; includeInIndex = 0; path = test_merge.app; sourceTree = BUILT_PRODUCTS_DIR; };
		3178E03921CB6E4D0089DCE6 /* AppDelegate.swift */ = {isa = PBXFileReference; lastKnownFileType = sourcecode.swift; path = AppDelegate.swift; sourceTree = "<group>"; };
		3178E03B21CB6E4D0089DCE6 /* ViewController.swift */ = {isa = PBXFileReference; lastKnownFileType = sourcecode.swift; path = ViewController.swift; sourceTree = "<group>"; };
		3178E03E21CB6E4D0089DCE6 /* Base */ = {isa = PBXFileReference; lastKnownFileType = file.storyboard; name = Base; path = Base.lproj/Main.storyboard; sourceTree = "<group>"; };
		3178E04021CB6E4F0089DCE6 /* Assets.xcassets */ = {isa = PBXFileReference; lastKnownFileType = folder.assetcatalog; path = Assets.xcassets; sourceTree = "<group>"; };
		3178E04321CB6E4F0089DCE6 /* Base */ = {isa = PBXFileReference; lastKnownFileType = file.storyboard; name = Base; path = Base.lproj/LaunchScreen.storyboard; sourceTree = "<group>"; };
		3178E04521CB6E4F0089DCE6 /* Info.plist */ = {isa = PBXFileReference; lastKnownFileType = text.plist.xml; path = Info.plist; sourceTree = "<group>"; };
/* End PBXFileReference section */

/* Begin PBXFrameworksBuildPhase section */
		3178E03321CB6E4D0089DCE6 /* Frameworks */ = {
			isa = PBXFrameworksBuildPhase;
			buildActionMask = 2147483647;
			files = (
			);
			runOnlyForDeploymentPostprocessing = 0;
		};
/* End PBXFrameworksBuildPhase section */

/* Begin PBXGroup section */
		3178E02D21CB6E4D0089DCE6 = {
			isa = PBXGroup;
			children = (
				3178E03821CB6E4D0089DCE6 /* test_merge */,
				3178E03721CB6E4D0089DCE6 /* Products */,
			);
			sourceTree = "<group>";
		};
		3178E03721CB6E4D0089DCE6 /* Products */ = {
			isa = PBXGroup;
			children = (
				3178E03621CB6E4D0089DCE6 /* test_merge.app */,
			);
			name = Products;
			sourceTree = "<group>";
		};
		3178E03821CB6E4D0089DCE6 /* test_merge */ = {
			isa = PBXGroup;
			children = (
				3178E03921CB6E4D0089DCE6 /* AppDelegate.swift */,
				3178E03B21CB6E4D0089DCE6 /* ViewController.swift */,
				3178E03D21CB6E4D0089DCE6 /* Main.storyboard */,
				3178E04021CB6E4F0089DCE6 /* Assets.xcassets */,
				3178E04221CB6E4F0089DCE6 /* LaunchScreen.storyboard */,
				3178E04521CB6E4F0089DCE6 /* Info.plist */,
			);
			path = test_merge;
			sourceTree = "<group>";
		};
/* End PBXGroup section */

/* Begin PBXNativeTarget section */
		3178E03521CB6E4D0089DCE6 /* test_merge */ = {
			isa = PBXNativeTarget;
			buildConfigurationList = 3178E04821CB6E4F0089DCE6 /* Build configuration list for PBXNativeTarget "test_merge" */;
			buildPhases = (
				3178E03221CB6E4D0089DCE6 /* Sources */,
				3178E03321CB6E4D0089DCE6 /* Frameworks */,
				3178E03421CB6E4D0089DCE6 /* Resources */,
			);
			buildRules = (
			);
			dependencies = (
			);
			name = test_merge;
			productName = test_merge;
			productReference = 3178E03621CB6E4D0089DCE6 /* test_merge.app */;
			productType = "com.apple.product-type.application";
		};
/* End PBXNativeTarget section */

/* Begin PBXProject section */
		3178E02E21CB6E4D0089DCE6 /* Project object */ = {
			isa = PBXProject;
			attributes = {
				LastSwiftUpdateCheck = 1010;
				LastUpgradeCheck = 1010;
				ORGANIZATIONNAME = Tatsuika;
				TargetAttributes = {
					3178E03521CB6E4D0089DCE6 = {
						CreatedOnToolsVersion = 10.1;
					};
				};
			};
			buildConfigurationList = 3178E03121CB6E4D0089DCE6 /* Build configuration list for PBXProject "test_merge" */;
			compatibilityVersion = "Xcode 9.3";
			developmentRegion = en;
			hasScannedForEncodings = 0;
			knownRegions = (
				en,
				Base,
			);
			mainGroup = 3178E02D21CB6E4D0089DCE6;
			productRefGroup = 3178E03721CB6E4D0089DCE6 /* Products */;
			projectDirPath = "";
			projectRoot = "";
			targets = (
				3178E03521CB6E4D0089DCE6 /* test_merge */,
			);
		};
/* End PBXProject section */

/* Begin PBXResourcesBuildPhase section */
		3178E03421CB6E4D0089DCE6 /* Resources */ = {
			isa = PBXResourcesBuildPhase;
			buildActionMask = 2147483647;
			files = (
				3178E04421CB6E4F0089DCE6 /* LaunchScreen.storyboard in Resources */,
				3178E04121CB6E4F0089DCE6 /* Assets.xcassets in Resources */,
				3178E03F21CB6E4D0089DCE6 /* Main.storyboard in Resources */,
			);
			runOnlyForDeploymentPostprocessing = 0;
		};
/* End PBXResourcesBuildPhase section */

/* Begin PBXSourcesBuildPhase section */
		3178E03221CB6E4D0089DCE6 /* Sources */ = {
			isa = PBXSourcesBuildPhase;
			buildActionMask = 2147483647;
			files = (
				3178E03C21CB6E4D0089DCE6 /* ViewController.swift in Sources */,
				3178E03A21CB6E4D0089DCE6 /* AppDelegate.swift in Sources */,
			);
			runOnlyForDeploymentPostprocessing = 0;
		};
/* End PBXSourcesBuildPhase section */

/* Begin PBXVariantGroup section */
		3178E03D21CB6E4D0089DCE6 /* Main.storyboard */ = {
			isa = PBXVariantGroup;
			children = (
				3178E03E21CB6E4D0089DCE6 /* Base */,
			);
			name = Main.storyboard;
			sourceTree = "<group>";
		};
		3178E04221CB6E4F0089DCE6 /* LaunchScreen.storyboard */ = {
			isa = PBXVariantGroup;
			children = (
				3178E04321CB6E4F0089DCE6 /* Base */,
			);
			name = LaunchScreen.storyboard;
			sourceTree = "<group>";
		};
/* End PBXVariantGroup section */

/* Begin XCBuildConfiguration section */
		3178E04621CB6E4F0089DCE6 /* Debug */ = {
			isa = XCBuildConfiguration;
			buildSettings = {
				ALWAYS_SEARCH_USER_PATHS = NO;
				CLANG_ANALYZER_NONNULL = YES;
				CLANG_ANALYZER_NUMBER_OBJECT_CONVERSION = YES_AGGRESSIVE;
				CLANG_CXX_LANGUAGE_STANDARD = "gnu++14";
				CLANG_CXX_LIBRARY = "libc++";
				CLANG_ENABLE_MODULES = YES;
				CLANG_ENABLE_OBJC_ARC = YES;
				CLANG_ENABLE_OBJC_WEAK = YES;
				CLANG_WARN_BLOCK_CAPTURE_AUTORELEASING = YES;
				CLANG_WARN_BOOL_CONVERSION = YES;
				CLANG_WARN_COMMA = YES;
				CLANG_WARN_CONSTANT_CONVERSION = YES;
				CLANG_WARN_DEPRECATED_OBJC_IMPLEMENTATIONS = YES;
				CLANG_WARN_DIRECT_OBJC_ISA_USAGE = YES_ERROR;
				CLANG_WARN_DOCUMENTATION_COMMENTS = YES;
				CLANG_WARN_EMPTY_BODY = YES;
				CLANG_WARN_ENUM_CONVERSION = YES;
				CLANG_WARN_INFINITE_RECURSION = YES;
				CLANG_WARN_INT_CONVERSION = YES;
				CLANG_WARN_NON_LITERAL_NULL_CONVERSION = YES;
				CLANG_WARN_OBJC_IMPLICIT_RETAIN_SELF = YES;
				CLANG_WARN_OBJC_LITERAL_CONVERSION = YES;
				CLANG_WARN_OBJC_ROOT_CLASS = YES_ERROR;
				CLANG_WARN_RANGE_LOOP_ANALYSIS = YES;
				CLANG_WARN_STRICT_PROTOTYPES = YES;
				CLANG_WARN_SUSPICIOUS_MOVE = YES;
				CLANG_WARN_UNGUARDED_AVAILABILITY = YES_AGGRESSIVE;
				CLANG_WARN_UNREACHABLE_CODE = YES;
				CLANG_WARN__DUPLICATE_METHOD_MATCH = YES;
				CODE_SIGN_IDENTITY = "iPhone Developer";
				COPY_PHASE_STRIP = NO;
				DEBUG_INFORMATION_FORMAT = dwarf;
				ENABLE_STRICT_OBJC_MSGSEND = YES;
				ENABLE_TESTABILITY = YES;
				GCC_C_LANGUAGE_STANDARD = gnu11;
				GCC_DYNAMIC_NO_PIC = NO;
				GCC_NO_COMMON_BLOCKS = YES;
				GCC_OPTIMIZATION_LEVEL = 0;
				GCC_PREPROCESSOR_DEFINITIONS = (
					"DEBUG=1",
					"$(inherited)",
				);
				GCC_WARN_64_TO_32_BIT_CONVERSION = YES;
				GCC_WARN_ABOUT_RETURN_TYPE = YES_ERROR;
				GCC_WARN_UNDECLARED_SELECTOR = YES;
				GCC_WARN_UNINITIALIZED_AUTOS = YES_AGGRESSIVE;
				GCC_WARN_UNUSED_FUNCTION = YES;
				GCC_WARN_UNUSED_VARIABLE = YES;
				IPHONEOS_DEPLOYMENT_TARGET = 12.1;
				MTL_ENABLE_DEBUG_INFO = INCLUDE_SOURCE;
				MTL_FAST_MATH = YES;
				ONLY_ACTIVE_ARCH = YES;
				SDKROOT = iphoneos;
				SWIFT_ACTIVE_COMPILATION_CONDITIONS = DEBUG;
				SWIFT_OPTIMIZATION_LEVEL = "-Onone";
			};
			name = Debug;
		};
		3178E04721CB6E4F0089DCE6 /* Release */ = {
			isa = XCBuildConfiguration;
			buildSettings = {
				ALWAYS_SEARCH_USER_PATHS = NO;
				CLANG_ANALYZER_NONNULL = YES;
				CLANG_ANALYZER_NUMBER_OBJECT_CONVERSION = YES_AGGRESSIVE;
				CLANG_CXX_LANGUAGE_STANDARD = "gnu++14";
				CLANG_CXX_LIBRARY = "libc++";
				CLANG_ENABLE_MODULES = YES;
				CLANG_ENABLE_OBJC_ARC = YES;
				CLANG_ENABLE_OBJC_WEAK = YES;
				CLANG_WARN_BLOCK_CAPTURE_AUTORELEASING = YES;
				CLANG_WARN_BOOL_CONVERSION = YES;
				CLANG_WARN_COMMA = YES;
				CLANG_WARN_CONSTANT_CONVERSION = YES;
				CLANG_WARN_DEPRECATED_OBJC_IMPLEMENTATIONS = YES;
				CLANG_WARN_DIRECT_OBJC_ISA_USAGE = YES_ERROR;
				CLANG_WARN_DOCUMENTATION_COMMENTS = YES;
				CLANG_WARN_EMPTY_BODY = YES;
				CLANG_WARN_ENUM_CONVERSION = YES;
				CLANG_WARN_INFINITE_RECURSION = YES;
				CLANG_WARN_INT_CONVERSION = YES;
				CLANG_WARN_NON_LITERAL_NULL_CONVERSION = YES;
				CLANG_WARN_OBJC_IMPLICIT_RETAIN_SELF = YES;
				CLANG_WARN_OBJC_LITERAL_CONVERSION = YES;
				CLANG_WARN_OBJC_ROOT_CLASS = YES_ERROR;
				CLANG_WARN_RANGE_LOOP_ANALYSIS = YES;
				CLANG_WARN_STRICT_PROTOTYPES = YES;
				CLANG_WARN_SUSPICIOUS_MOVE = YES;
				CLANG_WARN_UNGUARDED_AVAILABILITY = YES_AGGRESSIVE;
				CLANG_WARN_UNREACHABLE_CODE = YES;
				CLANG_WARN__DUPLICATE_METHOD_MATCH = YES;
				CODE_SIGN_IDENTITY = "iPhone Developer";
				COPY_PHASE_STRIP = NO;
				DEBUG_INFORMATION_FORMAT = "dwarf-with-dsym";
				ENABLE_NS_ASSERTIONS = NO;
				ENABLE_STRICT_OBJC_MSGSEND = YES;
				GCC_C_LANGUAGE_STANDARD = gnu11;
				GCC_NO_COMMON_BLOCKS = YES;
				GCC_WARN_64_TO_32_BIT_CONVERSION = YES;
				GCC_WARN_ABOUT_RETURN_TYPE = YES_ERROR;
				GCC_WARN_UNDECLARED_SELECTOR = YES;
				GCC_WARN_UNINITIALIZED_AUTOS = YES_AGGRESSIVE;
				GCC_WARN_UNUSED_FUNCTION = YES;
				GCC_WARN_UNUSED_VARIABLE = YES;
				IPHONEOS_DEPLOYMENT_TARGET = 12.1;
				MTL_ENABLE_DEBUG_INFO = NO;
				MTL_FAST_MATH = YES;
				SDKROOT = iphoneos;
				SWIFT_COMPILATION_MODE = wholemodule;
				SWIFT_OPTIMIZATION_LEVEL = "-O";
				VALIDATE_PRODUCT = YES;
			};
			name = Release;
		};
		3178E04921CB6E4F0089DCE6 /* Debug */ = {
			isa = XCBuildConfiguration;
			buildSettings = {
				ASSETCATALOG_COMPILER_APPICON_NAME = AppIcon;
				CODE_SIGN_STYLE = Automatic;
				DEVELOPMENT_TEAM = 84GY2BSZ6W;
				INFOPLIST_FILE = test_merge/Info.plist;
				LD_RUNPATH_SEARCH_PATHS = (
					"$(inherited)",
					"@executable_path/Frameworks",
				);
				PRODUCT_BUNDLE_IDENTIFIER = "Tatsuika.test-merge";
				PRODUCT_NAME = "$(TARGET_NAME)";
				SWIFT_VERSION = 4.2;
				TARGETED_DEVICE_FAMILY = "1,2";
			};
			name = Debug;
		};
		3178E04A21CB6E4F0089DCE6 /* Release */ = {
			isa = XCBuildConfiguration;
			buildSettings = {
				ASSETCATALOG_COMPILER_APPICON_NAME = AppIcon;
				CODE_SIGN_STYLE = Automatic;
				DEVELOPMENT_TEAM = 84GY2BSZ6W;
				INFOPLIST_FILE = test_merge/Info.plist;
				LD_RUNPATH_SEARCH_PATHS = (
					"$(inherited)",
					"@executable_path/Frameworks",
				);
				PRODUCT_BUNDLE_IDENTIFIER = "Tatsuika.test-merge";
				PRODUCT_NAME = "$(TARGET_NAME)";
				SWIFT_VERSION = 4.2;
				TARGETED_DEVICE_FAMILY = "1,2";
			};
			name = Release;
		};
/* End XCBuildConfiguration section */

/* Begin XCConfigurationList section */
		3178E03121CB6E4D0089DCE6 /* Build configuration list for PBXProject "test_merge" */ = {
			isa = XCConfigurationList;
			buildConfigurations = (
				3178E04621CB6E4F0089DCE6 /* Debug */,
				3178E04721CB6E4F0089DCE6 /* Release */,
			);
			defaultConfigurationIsVisible = 0;
			defaultConfigurationName = Release;
		};
		3178E04821CB6E4F0089DCE6 /* Build configuration list for PBXNativeTarget "test_merge" */ = {
			isa = XCConfigurationList;
			buildConfigurations = (
				3178E04921CB6E4F0089DCE6 /* Debug */,
				3178E04A21CB6E4F0089DCE6 /* Release */,
			);
			defaultConfigurationIsVisible = 0;
			defaultConfigurationName = Release;
		};
/* End XCConfigurationList section */
	};
	rootObject = 3178E02E21CB6E4D0089DCE6 /* Project object */;
}
